
Microsoft Visual Studio Solution File, Format Version 12.00
# Visual Studio Version 17
VisualStudioVersion = 17.8.34511.84
MinimumVisualStudioVersion = 10.0.40219.1
Project("{888888A0-9F3D-457C-B088-3A5042F75D52}") = "DeepQlearning_pytorch", "DeepQlearning_pytorch\DeepQlearning_pytorch.pyproj", "{8BF5212D-2174-4E60-A214-ABCE7B7C6B3A}"
EndProject
Global
	GlobalSection(SolutionConfigurationPlatforms) = preSolution
		Debug|Any CPU = Debug|Any CPU
		Release|Any CPU = Release|Any CPU
	EndGlobalSection
	GlobalSection(ProjectConfigurationPlatforms) = postSolution
		{8BF5212D-2174-4E60-A214-ABCE7B7C6B3A}.Debug|Any CPU.ActiveCfg = Debug|Any CPU
		{8BF5212D-2174-4E60-A214-ABCE7B7C6B3A}.Release|Any CPU.ActiveCfg = Release|Any CPU
	EndGlobalSection
	GlobalSection(SolutionProperties) = preSolution
		HideSolutionNode = FALSE
	EndGlobalSection
	GlobalSection(ExtensibilityGlobals) = postSolution
		SolutionGuid = {4EA07A43-3975-4C5B-B46B-EEBDBEB8B68A}
	EndGlobalSection
EndGlobal
